// !$*UTF8*$!
{
	archiveVersion = 1;
	classes = {
	};
	objectVersion = 77;
	objects = {

/* Begin PBXContainerItemProxy section */
		5073B14B2FD5165500CA1DEE /* PBXContainerItemProxy */ = {
			isa = PBXContainerItemProxy;
			containerPortal = 5073B1332FD5165400CA1DEE /* Project object */;
			proxyType = 1;
			remoteGlobalIDString = 5073B13A2FD5165400CA1DEE;
			remoteInfo = "Blood pressure tracker";
		};
		5073B1552FD5165500CA1DEE /* PBXContainerItemProxy */ = {
			isa = PBXContainerItemProxy;
			containerPortal = 5073B1332FD5165400CA1DEE /* Project object */;
			proxyType = 1;
			remoteGlobalIDString = 5073B13A2FD5165400CA1DEE;
			remoteInfo = "Blood pressure tracker";
		};
/* End PBXContainerItemProxy section */

/* Begin PBXFileReference section */
		5073B13B2FD5165400CA1DEE /* Blood pressure tracker.app */ = {isa = PBXFileReference; explicitFileType = wrapper.application; includeInIndex = 0; path = "Blood pressure tracker.app"; sourceTree = BUILT_PRODUCTS_DIR; };
		5073B14A2FD5165500CA1DEE /* Blood pressure trackerTests.xctest */ = {isa = PBXFileReference; explicitFileType = wrapper.cfbundle; includeInIndex = 0; path = "Blood pressure trackerTests.xctest"; sourceTree = BUILT_PRODUCTS_DIR; };
		5073B1542FD5165500CA1DEE /* Blood pressure trackerUITests.xctest */ = {isa = PBXFileReference; explicitFileType = wrapper.cfbundle; includeInIndex = 0; path = "Blood pressure trackerUITests.xctest"; sourceTree = BUILT_PRODUCTS_DIR; };
/* End PBXFileReference section */

/* Begin PBXFileSystemSynchronizedRootGroup section */
		5073B13D2FD5165400CA1DEE /* Blood pressure tracker */ = {
			isa = PBXFileSystemSynchronizedRootGroup;
			path = "Blood pressure tracker";
			sourceTree = "<group>";
		};
		5073B14D2FD5165500CA1DEE /* Blood pressure trackerTests */ = {
			isa = PBXFileSystemSynchronizedRootGroup;
			path = "Blood pressure trackerTests";
			sourceTree = "<group>";
		};
		5073B1572FD5165500CA1DEE /* Blood pressure trackerUITests */ = {
			isa = PBXFileSystemSynchronizedRootGroup;
			path = "Blood pressure trackerUITests";
			sourceTree = "<group>";
		};
/* End PBXFileSystemSynchronizedRootGroup section */

/* Begin PBXFrameworksBuildPhase section */
		5073B1382FD5165400CA1DEE /* Frameworks */ = {
			isa = PBXFrameworksBuildPhase;
			buildActionMask = 2147483647;
			files = (
			);
			runOnlyForDeploymentPostprocessing = 0;
		};
		5073B1472FD5165500CA1DEE /* Frameworks */ = {
			isa = PBXFrameworksBuildPhase;
			buildActionMask = 2147483647;
			files = (
			);
			runOnlyForDeploymentPostprocessing = 0;
		};
		5073B1512FD5165500CA1DEE /* Frameworks */ = {
			isa = PBXFrameworksBuildPhase;
			buildActionMask = 2147483647;
			files = (
			);
			runOnlyForDeploymentPostprocessing = 0;
		};
/* End PBXFrameworksBuildPhase section */

/* Begin PBXGroup section */
		5073B1322FD5165400CA1DEE = {
			isa = PBXGroup;
			children = (
				5073B13D2FD5165400CA1DEE /* Blood pressure tracker */,
				5073B14D2FD5165500CA1DEE /* Blood pressure trackerTests */,
				5073B1572FD5165500CA1DEE /* Blood pressure trackerUITests */,
				5073B13C2FD5165400CA1DEE /* Products */,
			);
			sourceTree = "<group>";
		};
		5073B13C2FD5165400CA1DEE /* Products */ = {
			isa = PBXGroup;
			children = (
				5073B13B2FD5165400CA1DEE /* Blood pressure tracker.app */,
				5073B14A2FD5165500CA1DEE /* Blood pressure trackerTests.xctest */,
				5073B1542FD5165500CA1DEE /* Blood pressure trackerUITests.xctest */,
			);
			name = Products;
			sourceTree = "<group>";
		};
/* End PBXGroup section */

/* Begin PBXNativeTarget section */
		5073B13A2FD5165400CA1DEE /* Blood pressure tracker */ = {
			isa = PBXNativeTarget;
			buildConfigurationList = 5073B15E2FD5165500CA1DEE /* Build configuration list for PBXNativeTarget "Blood pressure tracker" */;
			buildPhases = (
				5073B1372FD5165400CA1DEE /* Sources */,
				5073B1382FD5165400CA1DEE /* Frameworks */,
				5073B1392FD5165400CA1DEE /* Resources */,
			);
			buildRules = (
			);
			dependencies = (
			);
			fileSystemSynchronizedGroups = (
				5073B13D2FD5165400CA1DEE /* Blood pressure tracker */,
			);
			name = "Blood pressure tracker";
			packageProductDependencies = (
			);
			productName = "Blood pressure tracker";
			productReference = 5073B13B2FD5165400CA1DEE /* Blood pressure tracker.app */;
			productType = "com.apple.product-type.application";
		};
		5073B1492FD5165500CA1DEE /* Blood pressure trackerTests */ = {
			isa = PBXNativeTarget;
			buildConfigurationList = 5073B1612FD5165500CA1DEE /* Build configuration list for PBXNativeTarget "Blood pressure trackerTests" */;
			buildPhases = (
				5073B1462FD5165500CA1DEE /* Sources */,
				5073B1472FD5165500CA1DEE /* Frameworks */,
				5073B1482FD5165500CA1DEE /* Resources */,
			);
			buildRules = (
			);
			dependencies = (
				5073B14C2FD5165500CA1DEE /* PBXTargetDependency */,
			);
			fileSystemSynchronizedGroups = (
				5073B14D2FD5165500CA1DEE /* Blood pressure trackerTests */,
			);
			name = "Blood pressure trackerTests";
			packageProductDependencies = (
			);
			productName = "Blood pressure trackerTests";
			productReference = 5073B14A2FD5165500CA1DEE /* Blood pressure trackerTests.xctest */;
			productType = "com.apple.product-type.bundle.unit-test";
		};
		5073B1532FD5165500CA1DEE /* Blood pressure trackerUITests */ = {
			isa = PBXNativeTarget;
			buildConfigurationList = 5073B1642FD5165500CA1DEE /* Build configuration list for PBXNativeTarget "Blood pressure trackerUITests" */;
			buildPhases = (
				5073B1502FD5165500CA1DEE /* Sources */,
				5073B1512FD5165500CA1DEE /* Frameworks */,
				5073B1522FD5165500CA1DEE /* Resources */,
			);
			buildRules = (
			);
			dependencies = (
				5073B1562FD5165500CA1DEE /* PBXTargetDependency */,
			);
			fileSystemSynchronizedGroups = (
				5073B1572FD5165500CA1DEE /* Blood pressure trackerUITests */,
			);
			name = "Blood pressure trackerUITests";
			packageProductDependencies = (
			);
			productName = "Blood pressure trackerUITests";
			productReference = 5073B1542FD5165500CA1DEE /* Blood pressure trackerUITests.xctest */;
			productType = "com.apple.product-type.bundle.ui-testing";
		};
/* End PBXNativeTarget section */

/* Begin PBXProject section */
		5073B1332FD5165400CA1DEE /* Project object */ = {
			isa = PBXProject;
			attributes = {
				BuildIndependentTargetsInParallel = 1;
				LastSwiftUpdateCheck = 2640;
				LastUpgradeCheck = 2640;
				TargetAttributes = {
					5073B13A2FD5165400CA1DEE = {
						CreatedOnToolsVersion = 26.4;
					};
					5073B1492FD5165500CA1DEE = {
						CreatedOnToolsVersion = 26.4;
						TestTargetID = 5073B13A2FD5165400CA1DEE;
					};
					5073B1532FD5165500CA1DEE = {
						CreatedOnToolsVersion = 26.4;
						TestTargetID = 5073B13A2FD5165400CA1DEE;
					};
				};
			};
			buildConfigurationList = 5073B1362FD5165400CA1DEE /* Build configuration list for PBXProject "Blood pressure tracker" */;
			developmentRegion = en;
			hasScannedForEncodings = 0;
			knownRegions = (
				en,
				Base,
			);
			mainGroup = 5073B1322FD5165400CA1DEE;
			minimizedProjectReferenceProxies = 1;
			preferredProjectObjectVersion = 77;
			productRefGroup = 5073B13C2FD5165400CA1DEE /* Products */;
			projectDirPath = "";
			projectRoot = "";
			targets = (
				5073B13A2FD5165400CA1DEE /* Blood pressure tracker */,
				5073B1492FD5165500CA1DEE /* Blood pressure trackerTests */,
				5073B1532FD5165500CA1DEE /* Blood pressure trackerUITests */,
			);
		};
/* End PBXProject section */

/* Begin PBXResourcesBuildPhase section */
		5073B1392FD5165400CA1DEE /* Resources */ = {
			isa = PBXResourcesBuildPhase;
			buildActionMask = 2147483647;
			files = (
			);
			runOnlyForDeploymentPostprocessing = 0;
		};
		5073B1482FD5165500CA1DEE /* Resources */ = {
			isa = PBXResourcesBuildPhase;
			buildActionMask = 2147483647;
			files = (
			);
			runOnlyForDeploymentPostprocessing = 0;
		};
		5073B1522FD5165500CA1DEE /* Resources */ = {
			isa = PBXResourcesBuildPhase;
			buildActionMask = 2147483647;
			files = (
			);
			runOnlyForDeploymentPostprocessing = 0;
		};
/* End PBXResourcesBuildPhase section */

/* Begin PBXSourcesBuildPhase section */
		5073B1372FD5165400CA1DEE /* Sources */ = {
			isa = PBXSourcesBuildPhase;
			buildActionMask = 2147483647;
			files = (
			);
			runOnlyForDeploymentPostprocessing = 0;
		};
		5073B1462FD5165500CA1DEE /* Sources */ = {
			isa = PBXSourcesBuildPhase;
			buildActionMask = 2147483647;
			files = (
			);
			runOnlyForDeploymentPostprocessing = 0;
		};
		5073B1502FD5165500CA1DEE /* Sources */ = {
			isa = PBXSourcesBuildPhase;
			buildActionMask = 2147483647;
			files = (
			);
			runOnlyForDeploymentPostprocessing = 0;
		};
/* End PBXSourcesBuildPhase section */

/* Begin PBXTargetDependency section */
		5073B14C2FD5165500CA1DEE /* PBXTargetDependency */ = {
			isa = PBXTargetDependency;
			target = 5073B13A2FD5165400CA1DEE /* Blood pressure tracker */;
			targetProxy = 5073B14B2FD5165500CA1DEE /* PBXContainerItemProxy */;
		};
		5073B1562FD5165500CA1DEE /* PBXTargetDependency */ = {
			isa = PBXTargetDependency;
			target = 5073B13A2FD5165400CA1DEE /* Blood pressure tracker */;
			targetProxy = 5073B1552FD5165500CA1DEE /* PBXContainerItemProxy */;
		};
/* End PBXTargetDependency section */

/* Begin XCBuildConfiguration section */
		5073B15C2FD5165500CA1DEE /* Debug */ = {
			isa = XCBuildConfiguration;
			buildSettings = {
				ALWAYS_SEARCH_USER_PATHS = NO;
				ASSETCATALOG_COMPILER_GENERATE_SWIFT_ASSET_SYMBOL_EXTENSIONS = YES;
				CLANG_ANALYZER_NONNULL = YES;
				CLANG_ANALYZER_NUMBER_OBJECT_CONVERSION = YES_AGGRESSIVE;
				CLANG_CXX_LANGUAGE_STANDARD = "gnu++20";
				CLANG_ENABLE_MODULES = YES;
				CLANG_ENABLE_OBJC_ARC = YES;
				CLANG_ENABLE_OBJC_WEAK = YES;
				CLANG_WARN_BLOCK_CAPTURE_AUTORELEASING = YES;
				CLANG_WARN_BOOL_CONVERSION = YES;
				CLANG_WARN_COMMA = YES;
				CLANG_WARN_CONSTANT_CONVERSION = YES;
				CLANG_WARN_DEPRECATED_OBJC_IMPLEMENTATIONS = YES;
				CLANG_WARN_DIRECT_OBJC_ISA_USAGE = YES_ERROR;
				CLANG_WARN_DOCUMENTATION_COMMENTS = YES;
				CLANG_WARN_EMPTY_BODY = YES;
				CLANG_WARN_ENUM_CONVERSION = YES;
				CLANG_WARN_INFINITE_RECURSION = YES;
				CLANG_WARN_INT_CONVERSION = YES;
				CLANG_WARN_NON_LITERAL_NULL_CONVERSION = YES;
				CLANG_WARN_OBJC_IMPLICIT_RETAIN_SELF = YES;
				CLANG_WARN_OBJC_LITERAL_CONVERSION = YES;
				CLANG_WARN_OBJC_ROOT_CLASS = YES_ERROR;
				CLANG_WARN_QUOTED_INCLUDE_IN_FRAMEWORK_HEADER = YES;
				CLANG_WARN_RANGE_LOOP_ANALYSIS = YES;
				CLANG_WARN_STRICT_PROTOTYPES = YES;
				CLANG_WARN_SUSPICIOUS_MOVE = YES;
				CLANG_WARN_UNGUARDED_AVAILABILITY = YES_AGGRESSIVE;
				CLANG_WARN_UNREACHABLE_CODE = YES;
				CLANG_WARN__DUPLICATE_METHOD_MATCH = YES;
				COPY_PHASE_STRIP = NO;
				DEBUG_INFORMATION_FORMAT = dwarf;
				DEVELOPMENT_TEAM = YWZ7Z6WJ7Y;
				ENABLE_STRICT_OBJC_MSGSEND = YES;
				ENABLE_TESTABILITY = YES;
				ENABLE_USER_SCRIPT_SANDBOXING = YES;
				GCC_C_LANGUAGE_STANDARD = gnu17;
				GCC_DYNAMIC_NO_PIC = NO;
				GCC_NO_COMMON_BLOCKS = YES;
				GCC_OPTIMIZATION_LEVEL = 0;
				GCC_PREPROCESSOR_DEFINITIONS = (
					"DEBUG=1",
					"$(inherited)",
				);
				GCC_WARN_64_TO_32_BIT_CONVERSION = YES;
				GCC_WARN_ABOUT_RETURN_TYPE = YES_ERROR;
				GCC_WARN_UNDECLARED_SELECTOR = YES;
				GCC_WARN_UNINITIALIZED_AUTOS = YES_AGGRESSIVE;
				GCC_WARN_UNUSED_FUNCTION = YES;
				GCC_WARN_UNUSED_VARIABLE = YES;
				IPHONEOS_DEPLOYMENT_TARGET = 26.4;
				LOCALIZATION_PREFERS_STRING_CATALOGS = YES;
				MTL_ENABLE_DEBUG_INFO = INCLUDE_SOURCE;
				MTL_FAST_MATH = YES;
				ONLY_ACTIVE_ARCH = YES;
				SDKROOT = iphoneos;
				SWIFT_ACTIVE_COMPILATION_CONDITIONS = "DEBUG $(inherited)";
				SWIFT_OPTIMIZATION_LEVEL = "-Onone";
			};
			name = Debug;
		};
		5073B15D2FD5165500CA1DEE /* Release */ = {
			isa = XCBuildConfiguration;
			buildSettings = {
				ALWAYS_SEARCH_USER_PATHS = NO;
				ASSETCATALOG_COMPILER_GENERATE_SWIFT_ASSET_SYMBOL_EXTENSIONS = YES;
				CLANG_ANALYZER_NONNULL = YES;
				CLANG_ANALYZER_NUMBER_OBJECT_CONVERSION = YES_AGGRESSIVE;
				CLANG_CXX_LANGUAGE_STANDARD = "gnu++20";
				CLANG_ENABLE_MODULES = YES;
				CLANG_ENABLE_OBJC_ARC = YES;
				CLANG_ENABLE_OBJC_WEAK = YES;
				CLANG_WARN_BLOCK_CAPTURE_AUTORELEASING = YES;
				CLANG_WARN_BOOL_CONVERSION = YES;
				CLANG_WARN_COMMA = YES;
				CLANG_WARN_CONSTANT_CONVERSION = YES;
				CLANG_WARN_DEPRECATED_OBJC_IMPLEMENTATIONS = YES;
				CLANG_WARN_DIRECT_OBJC_ISA_USAGE = YES_ERROR;
				CLANG_WARN_DOCUMENTATION_COMMENTS = YES;
				CLANG_WARN_EMPTY_BODY = YES;
				CLANG_WARN_ENUM_CONVERSION = YES;
				CLANG_WARN_INFINITE_RECURSION = YES;
				CLANG_WARN_INT_CONVERSION = YES;
				CLANG_WARN_NON_LITERAL_NULL_CONVERSION = YES;
				CLANG_WARN_OBJC_IMPLICIT_RETAIN_SELF = YES;
				CLANG_WARN_OBJC_LITERAL_CONVERSION = YES;
				CLANG_WARN_OBJC_ROOT_CLASS = YES_ERROR;
				CLANG_WARN_QUOTED_INCLUDE_IN_FRAMEWORK_HEADER = YES;
				CLANG_WARN_RANGE_LOOP_ANALYSIS = YES;
				CLANG_WARN_STRICT_PROTOTYPES = YES;
				CLANG_WARN_SUSPICIOUS_MOVE = YES;
				CLANG_WARN_UNGUARDED_AVAILABILITY = YES_AGGRESSIVE;
				CLANG_WARN_UNREACHABLE_CODE = YES;
				CLANG_WARN__DUPLICATE_METHOD_MATCH = YES;
				COPY_PHASE_STRIP = NO;
				DEBUG_INFORMATION_FORMAT = "dwarf-with-dsym";
				DEVELOPMENT_TEAM = YWZ7Z6WJ7Y;
				ENABLE_NS_ASSERTIONS = NO;
				ENABLE_STRICT_OBJC_MSGSEND = YES;
				ENABLE_USER_SCRIPT_SANDBOXING = YES;
				GCC_C_LANGUAGE_STANDARD = gnu17;
				GCC_NO_COMMON_BLOCKS = YES;
				GCC_WARN_64_TO_32_BIT_CONVERSION = YES;
				GCC_WARN_ABOUT_RETURN_TYPE = YES_ERROR;
				GCC_WARN_UNDECLARED_SELECTOR = YES;
				GCC_WARN_UNINITIALIZED_AUTOS = YES_AGGRESSIVE;
				GCC_WARN_UNUSED_FUNCTION = YES;
				GCC_WARN_UNUSED_VARIABLE = YES;
				IPHONEOS_DEPLOYMENT_TARGET = 26.4;
				LOCALIZATION_PREFERS_STRING_CATALOGS = YES;
				MTL_ENABLE_DEBUG_INFO = NO;
				MTL_FAST_MATH = YES;
				SDKROOT = iphoneos;
				SWIFT_COMPILATION_MODE = wholemodule;
				VALIDATE_PRODUCT = YES;
			};
			name = Release;
		};
		5073B15F2FD5165500CA1DEE /* Debug */ = {
			isa = XCBuildConfiguration;
			buildSettings = {
				ASSETCATALOG_COMPILER_APPICON_NAME = AppIcon;
				ASSETCATALOG_COMPILER_GLOBAL_ACCENT_COLOR_NAME = AccentColor;
				CODE_SIGN_STYLE = Automatic;
				CURRENT_PROJECT_VERSION = 1;
				DEVELOPMENT_TEAM = YWZ7Z6WJ7Y;
				ENABLE_PREVIEWS = YES;
				GENERATE_INFOPLIST_FILE = YES;
				INFOPLIST_KEY_UIApplicationSceneManifest_Generation = YES;
				INFOPLIST_KEY_UIApplicationSupportsIndirectInputEvents = YES;
				INFOPLIST_KEY_UILaunchScreen_Generation = YES;
				INFOPLIST_KEY_UISupportedInterfaceOrientations_iPad = "UIInterfaceOrientationPortrait UIInterfaceOrientationPortraitUpsideDown UIInterfaceOrientationLandscapeLeft UIInterfaceOrientationLandscapeRight";
				INFOPLIST_KEY_UISupportedInterfaceOrientations_iPhone = "UIInterfaceOrientationPortrait UIInterfaceOrientationLandscapeLeft UIInterfaceOrientationLandscapeRight";
				LD_RUNPATH_SEARCH_PATHS = (
					"$(inherited)",
					"@executable_path/Frameworks",
				);
				MARKETING_VERSION = 1.0;
				PRODUCT_BUNDLE_IDENTIFIER = "com.masim05.Blood-pressure-tracker";
				PRODUCT_NAME = "$(TARGET_NAME)";
				STRING_CATALOG_GENERATE_SYMBOLS = YES;
				SWIFT_APPROACHABLE_CONCURRENCY = YES;
				SWIFT_DEFAULT_ACTOR_ISOLATION = MainActor;
				SWIFT_EMIT_LOC_STRINGS = YES;
				SWIFT_UPCOMING_FEATURE_MEMBER_IMPORT_VISIBILITY = YES;
				SWIFT_VERSION = 5.0;
				TARGETED_DEVICE_FAMILY = "1,2";
			};
			name = Debug;
		};
		5073B1602FD5165500CA1DEE /* Release */ = {
			isa = XCBuildConfiguration;
			buildSettings = {
				ASSETCATALOG_COMPILER_APPICON_NAME = AppIcon;
				ASSETCATALOG_COMPILER_GLOBAL_ACCENT_COLOR_NAME = AccentColor;
				CODE_SIGN_STYLE = Automatic;
				CURRENT_PROJECT_VERSION = 1;
				DEVELOPMENT_TEAM = YWZ7Z6WJ7Y;
				ENABLE_PREVIEWS = YES;
				GENERATE_INFOPLIST_FILE = YES;
				INFOPLIST_KEY_UIApplicationSceneManifest_Generation = YES;
				INFOPLIST_KEY_UIApplicationSupportsIndirectInputEvents = YES;
				INFOPLIST_KEY_UILaunchScreen_Generation = YES;
				INFOPLIST_KEY_UISupportedInterfaceOrientations_iPad = "UIInterfaceOrientationPortrait UIInterfaceOrientationPortraitUpsideDown UIInterfaceOrientationLandscapeLeft UIInterfaceOrientationLandscapeRight";
				INFOPLIST_KEY_UISupportedInterfaceOrientations_iPhone = "UIInterfaceOrientationPortrait UIInterfaceOrientationLandscapeLeft UIInterfaceOrientationLandscapeRight";
				LD_RUNPATH_SEARCH_PATHS = (
					"$(inherited)",
					"@executable_path/Frameworks",
				);
				MARKETING_VERSION = 1.0;
				PRODUCT_BUNDLE_IDENTIFIER = "com.masim05.Blood-pressure-tracker";
				PRODUCT_NAME = "$(TARGET_NAME)";
				STRING_CATALOG_GENERATE_SYMBOLS = YES;
				SWIFT_APPROACHABLE_CONCURRENCY = YES;
				SWIFT_DEFAULT_ACTOR_ISOLATION = MainActor;
				SWIFT_EMIT_LOC_STRINGS = YES;
				SWIFT_UPCOMING_FEATURE_MEMBER_IMPORT_VISIBILITY = YES;
				SWIFT_VERSION = 5.0;
				TARGETED_DEVICE_FAMILY = "1,2";
			};
			name = Release;
		};
		5073B1622FD5165500CA1DEE /* Debug */ = {
			isa = XCBuildConfiguration;
			buildSettings = {
				BUNDLE_LOADER = "$(TEST_HOST)";
				CODE_SIGN_STYLE = Automatic;
				CURRENT_PROJECT_VERSION = 1;
				DEVELOPMENT_TEAM = YWZ7Z6WJ7Y;
				GENERATE_INFOPLIST_FILE = YES;
				IPHONEOS_DEPLOYMENT_TARGET = 26.4;
				MARKETING_VERSION = 1.0;
				PRODUCT_BUNDLE_IDENTIFIER = "com.masim05.Blood-pressure-trackerTests";
				PRODUCT_NAME = "$(TARGET_NAME)";
				STRING_CATALOG_GENERATE_SYMBOLS = NO;
				SWIFT_APPROACHABLE_CONCURRENCY = YES;
				SWIFT_EMIT_LOC_STRINGS = NO;
				SWIFT_UPCOMING_FEATURE_MEMBER_IMPORT_VISIBILITY = YES;
				SWIFT_VERSION = 5.0;
				TARGETED_DEVICE_FAMILY = "1,2";
				TEST_HOST = "$(BUILT_PRODUCTS_DIR)/Blood pressure tracker.app/$(BUNDLE_EXECUTABLE_FOLDER_PATH)/Blood pressure tracker";
			};
			name = Debug;
		};
		5073B1632FD5165500CA1DEE /* Release */ = {
			isa = XCBuildConfiguration;
			buildSettings = {
				BUNDLE_LOADER = "$(TEST_HOST)";
				CODE_SIGN_STYLE = Automatic;
				CURRENT_PROJECT_VERSION = 1;
				DEVELOPMENT_TEAM = YWZ7Z6WJ7Y;
				GENERATE_INFOPLIST_FILE = YES;
				IPHONEOS_DEPLOYMENT_TARGET = 26.4;
				MARKETING_VERSION = 1.0;
				PRODUCT_BUNDLE_IDENTIFIER = "com.masim05.Blood-pressure-trackerTests";
				PRODUCT_NAME = "$(TARGET_NAME)";
				STRING_CATALOG_GENERATE_SYMBOLS = NO;
				SWIFT_APPROACHABLE_CONCURRENCY = YES;
				SWIFT_EMIT_LOC_STRINGS = NO;
				SWIFT_UPCOMING_FEATURE_MEMBER_IMPORT_VISIBILITY = YES;
				SWIFT_VERSION = 5.0;
				TARGETED_DEVICE_FAMILY = "1,2";
				TEST_HOST = "$(BUILT_PRODUCTS_DIR)/Blood pressure tracker.app/$(BUNDLE_EXECUTABLE_FOLDER_PATH)/Blood pressure tracker";
			};
			name = Release;
		};
		5073B1652FD5165500CA1DEE /* Debug */ = {
			isa = XCBuildConfiguration;
			buildSettings = {
				CODE_SIGN_STYLE = Automatic;
				CURRENT_PROJECT_VERSION = 1;
				DEVELOPMENT_TEAM = YWZ7Z6WJ7Y;
				GENERATE_INFOPLIST_FILE = YES;
				MARKETING_VERSION = 1.0;
				PRODUCT_BUNDLE_IDENTIFIER = "com.masim05.Blood-pressure-trackerUITests";
				PRODUCT_NAME = "$(TARGET_NAME)";
				STRING_CATALOG_GENERATE_SYMBOLS = NO;
				SWIFT_APPROACHABLE_CONCURRENCY = YES;
				SWIFT_EMIT_LOC_STRINGS = NO;
				SWIFT_UPCOMING_FEATURE_MEMBER_IMPORT_VISIBILITY = YES;
				SWIFT_VERSION = 5.0;
				TARGETED_DEVICE_FAMILY = "1,2";
				TEST_TARGET_NAME = "Blood pressure tracker";
			};
			name = Debug;
		};
		5073B1662FD5165500CA1DEE /* Release */ = {
			isa = XCBuildConfiguration;
			buildSettings = {
				CODE_SIGN_STYLE = Automatic;
				CURRENT_PROJECT_VERSION = 1;
				DEVELOPMENT_TEAM = YWZ7Z6WJ7Y;
				GENERATE_INFOPLIST_FILE = YES;
				MARKETING_VERSION = 1.0;
				PRODUCT_BUNDLE_IDENTIFIER = "com.masim05.Blood-pressure-trackerUITests";
				PRODUCT_NAME = "$(TARGET_NAME)";
				STRING_CATALOG_GENERATE_SYMBOLS = NO;
				SWIFT_APPROACHABLE_CONCURRENCY = YES;
				SWIFT_EMIT_LOC_STRINGS = NO;
				SWIFT_UPCOMING_FEATURE_MEMBER_IMPORT_VISIBILITY = YES;
				SWIFT_VERSION = 5.0;
				TARGETED_DEVICE_FAMILY = "1,2";
				TEST_TARGET_NAME = "Blood pressure tracker";
			};
			name = Release;
		};
/* End XCBuildConfiguration section */

/* Begin XCConfigurationList section */
		5073B1362FD5165400CA1DEE /* Build configuration list for PBXProject "Blood pressure tracker" */ = {
			isa = XCConfigurationList;
			buildConfigurations = (
				5073B15C2FD5165500CA1DEE /* Debug */,
				5073B15D2FD5165500CA1DEE /* Release */,
			);
			defaultConfigurationIsVisible = 0;
			defaultConfigurationName = Release;
		};
		5073B15E2FD5165500CA1DEE /* Build configuration list for PBXNativeTarget "Blood pressure tracker" */ = {
			isa = XCConfigurationList;
			buildConfigurations = (
				5073B15F2FD5165500CA1DEE /* Debug */,
				5073B1602FD5165500CA1DEE /* Release */,
			);
			defaultConfigurationIsVisible = 0;
			defaultConfigurationName = Release;
		};
		5073B1612FD5165500CA1DEE /* Build configuration list for PBXNativeTarget "Blood pressure trackerTests" */ = {
			isa = XCConfigurationList;
			buildConfigurations = (
				5073B1622FD5165500CA1DEE /* Debug */,
				5073B1632FD5165500CA1DEE /* Release */,
			);
			defaultConfigurationIsVisible = 0;
			defaultConfigurationName = Release;
		};
		5073B1642FD5165500CA1DEE /* Build configuration list for PBXNativeTarget "Blood pressure trackerUITests" */ = {
			isa = XCConfigurationList;
			buildConfigurations = (
				5073B1652FD5165500CA1DEE /* Debug */,
				5073B1662FD5165500CA1DEE /* Release */,
			);
			defaultConfigurationIsVisible = 0;
			defaultConfigurationName = Release;
		};
/* End XCConfigurationList section */
	};
	rootObject = 5073B1332FD5165400CA1DEE /* Project object */;
}
